apiVersion: agentctl.dev/pack-lock/v1
agentctl: 0.3.0
packs:
- name: example.base
  version: 1.1.0
  source:
    path: dependency.pack
  integrity: sha256:c5f1a5189e7aa88f596a410d8942bbe56c8b99f284a8a62c2081c3c92678aa07
  compatibility: '>=0.3.0, <1.0.0'
  dependencies: {}
  trust:
    status: unsigned
- name: example.utility
  version: 1.0.0
  source:
    path: example.pack.yaml
  integrity: sha256:65daf10190d2d9d2f9fad622f650667f8e412340cb6aaba7307940b5c20ec294
  compatibility: '>=0.3.0, <1.0.0'
  dependencies:
    example.base: 1.1.0
  trust:
    status: unsigned
